
Microsoft Visual Studio Solution File, Format Version 12.00
# Visual Studio Version 16
VisualStudioVersion = 16.0.30621.155
MinimumVisualStudioVersion = 10.0.40219.1
Project("{FAE04EC0-301F-11D3-BF4B-00C04F79EFBC}") = "ase-simplelanguage", "ase-simplelanguage\ase-simplelanguage.csproj", "{896D89AD-FCEE-4F1A-8E6C-51FEE3AB1D8A}"
EndProject
Global
	GlobalSection(SolutionConfigurationPlatforms) = preSolution
		Debug|Any CPU = Debug|Any CPU
		Release|Any CPU = Release|Any CPU
	EndGlobalSection
	GlobalSection(ProjectConfigurationPlatforms) = postSolution
		{896D89AD-FCEE-4F1A-8E6C-51FEE3AB1D8A}.Debug|Any CPU.ActiveCfg = Debug|Any CPU
		{896D89AD-FCEE-4F1A-8E6C-51FEE3AB1D8A}.Debug|Any CPU.Build.0 = Debug|Any CPU
		{896D89AD-FCEE-4F1A-8E6C-51FEE3AB1D8A}.Release|Any CPU.ActiveCfg = Release|Any CPU
		{896D89AD-FCEE-4F1A-8E6C-51FEE3AB1D8A}.Release|Any CPU.Build.0 = Release|Any CPU
	EndGlobalSection
	GlobalSection(SolutionProperties) = preSolution
		HideSolutionNode = FALSE
	EndGlobalSection
	GlobalSection(ExtensibilityGlobals) = postSolution
		SolutionGuid = {A6E5254F-6AFC-49F5-AA71-3F3EA4E514C6}
	EndGlobalSection
EndGlobal
